// !$*UTF8*$!
{
	archiveVersion = 1;
	classes = {
	};
	objectVersion = 55;
	objects = {

/* Begin PBXBuildFile section */
		780D69282779B8080009612F /* BadgeSymbol.swift in Sources */ = {isa = PBXBuildFile; fileRef = 780D69272779B8080009612F /* BadgeSymbol.swift */; };
		780D692A2779B8A30009612F /* RotatedBadgeSymbol.swift in Sources */ = {isa = PBXBuildFile; fileRef = 780D69292779B8A30009612F /* RotatedBadgeSymbol.swift */; };
		7871EFF92775B1FE00BEAD90 /* FavoriteButton.swift in Sources */ = {isa = PBXBuildFile; fileRef = 7871EFF82775B1FE00BEAD90 /* FavoriteButton.swift */; };
		7871EFFD2775B51200BEAD90 /* HexagonParameters.swift in Sources */ = {isa = PBXBuildFile; fileRef = 7871EFFC2775B51200BEAD90 /* HexagonParameters.swift */; };
		7871F0012775B70000BEAD90 /* BadegeBackground.swift in Sources */ = {isa = PBXBuildFile; fileRef = 7871F0002775B70000BEAD90 /* BadegeBackground.swift */; };
		78A28642276D7CD2000B32D2 /* MapView.swift in Sources */ = {isa = PBXBuildFile; fileRef = 78A28641276D7CD2000B32D2 /* MapView.swift */; };
		78A28644276D94C8000B32D2 /* landmarkData.json in Resources */ = {isa = PBXBuildFile; fileRef = 78A28643276D94C8000B32D2 /* landmarkData.json */; };
		78A28646276D94ED000B32D2 /* Landmark.swift in Sources */ = {isa = PBXBuildFile; fileRef = 78A28645276D94ED000B32D2 /* Landmark.swift */; };
		78A28648276D9721000B32D2 /* ModelData.swift in Sources */ = {isa = PBXBuildFile; fileRef = 78A28647276D9721000B32D2 /* ModelData.swift */; };
		78A2864D276D99DD000B32D2 /* LandmarkRow.swift in Sources */ = {isa = PBXBuildFile; fileRef = 78A2864C276D99DD000B32D2 /* LandmarkRow.swift */; };
		78A2864F276D9B8A000B32D2 /* LandmarkList.swift in Sources */ = {isa = PBXBuildFile; fileRef = 78A2864E276D9B8A000B32D2 /* LandmarkList.swift */; };
		78A28651276D9DD9000B32D2 /* LandmarkDetail.swift in Sources */ = {isa = PBXBuildFile; fileRef = 78A28650276D9DD9000B32D2 /* LandmarkDetail.swift */; };
		78CE7C5F276D718900D1DDBF /* LandmarksApp.swift in Sources */ = {isa = PBXBuildFile; fileRef = 78CE7C5E276D718900D1DDBF /* LandmarksApp.swift */; };
		78CE7C61276D718900D1DDBF /* ContentView.swift in Sources */ = {isa = PBXBuildFile; fileRef = 78CE7C60276D718900D1DDBF /* ContentView.swift */; };
		78CE7C63276D718A00D1DDBF /* Assets.xcassets in Resources */ = {isa = PBXBuildFile; fileRef = 78CE7C62276D718A00D1DDBF /* Assets.xcassets */; };
		78CE7C66276D718A00D1DDBF /* Preview Assets.xcassets in Resources */ = {isa = PBXBuildFile; fileRef = 78CE7C65276D718A00D1DDBF /* Preview Assets.xcassets */; };
		78CE7C6D276D7A3500D1DDBF /* CircleImage.swift in Sources */ = {isa = PBXBuildFile; fileRef = 78CE7C6C276D7A3500D1DDBF /* CircleImage.swift */; };
/* End PBXBuildFile section */

/* Begin PBXFileReference section */
		780D69272779B8080009612F /* BadgeSymbol.swift */ = {isa = PBXFileReference; lastKnownFileType = sourcecode.swift; path = BadgeSymbol.swift; sourceTree = "<group>"; };
		780D69292779B8A30009612F /* RotatedBadgeSymbol.swift */ = {isa = PBXFileReference; lastKnownFileType = sourcecode.swift; path = RotatedBadgeSymbol.swift; sourceTree = "<group>"; };
		7871EFF82775B1FE00BEAD90 /* FavoriteButton.swift */ = {isa = PBXFileReference; lastKnownFileType = sourcecode.swift; path = FavoriteButton.swift; sourceTree = "<group>"; };
		7871EFFC2775B51200BEAD90 /* HexagonParameters.swift */ = {isa = PBXFileReference; lastKnownFileType = sourcecode.swift; name = HexagonParameters.swift; path = Landmarks/HexagonParameters.swift; sourceTree = "<group>"; };
		7871F0002775B70000BEAD90 /* BadegeBackground.swift */ = {isa = PBXFileReference; lastKnownFileType = sourcecode.swift; path = BadegeBackground.swift; sourceTree = "<group>"; };
		78A28641276D7CD2000B32D2 /* MapView.swift */ = {isa = PBXFileReference; lastKnownFileType = sourcecode.swift; path = MapView.swift; sourceTree = "<group>"; };
		78A28643276D94C8000B32D2 /* landmarkData.json */ = {isa = PBXFileReference; fileEncoding = 4; lastKnownFileType = text.json; path = landmarkData.json; sourceTree = "<group>"; };
		78A28645276D94ED000B32D2 /* Landmark.swift */ = {isa = PBXFileReference; lastKnownFileType = sourcecode.swift; path = Landmark.swift; sourceTree = "<group>"; };
		78A28647276D9721000B32D2 /* ModelData.swift */ = {isa = PBXFileReference; lastKnownFileType = sourcecode.swift; path = ModelData.swift; sourceTree = "<group>"; };
		78A2864C276D99DD000B32D2 /* LandmarkRow.swift */ = {isa = PBXFileReference; lastKnownFileType = sourcecode.swift; name = LandmarkRow.swift; path = Landmarks/Views/Landmarks/LandmarkRow.swift; sourceTree = SOURCE_ROOT; };
		78A2864E276D9B8A000B32D2 /* LandmarkList.swift */ = {isa = PBXFileReference; lastKnownFileType = sourcecode.swift; path = LandmarkList.swift; sourceTree = "<group>"; };
		78A28650276D9DD9000B32D2 /* LandmarkDetail.swift */ = {isa = PBXFileReference; lastKnownFileType = sourcecode.swift; path = LandmarkDetail.swift; sourceTree = "<group>"; };
		78CE7C5B276D718900D1DDBF /* Landmarks.app */ = {isa = PBXFileReference; explicitFileType = wrapper.application; includeInIndex = 0; path = Landmarks.app; sourceTree = BUILT_PRODUCTS_DIR; };
		78CE7C5E276D718900D1DDBF /* LandmarksApp.swift */ = {isa = PBXFileReference; lastKnownFileType = sourcecode.swift; path = LandmarksApp.swift; sourceTree = "<group>"; };
		78CE7C60276D718900D1DDBF /* ContentView.swift */ = {isa = PBXFileReference; lastKnownFileType = sourcecode.swift; path = ContentView.swift; sourceTree = "<group>"; };
		78CE7C62276D718A00D1DDBF /* Assets.xcassets */ = {isa = PBXFileReference; lastKnownFileType = folder.assetcatalog; path = Assets.xcassets; sourceTree = "<group>"; };
		78CE7C65276D718A00D1DDBF /* Preview Assets.xcassets */ = {isa = PBXFileReference; lastKnownFileType = folder.assetcatalog; path = "Preview Assets.xcassets"; sourceTree = "<group>"; };
		78CE7C6C276D7A3500D1DDBF /* CircleImage.swift */ = {isa = PBXFileReference; lastKnownFileType = sourcecode.swift; path = CircleImage.swift; sourceTree = "<group>"; };
/* End PBXFileReference section */

/* Begin PBXFrameworksBuildPhase section */
		78CE7C58276D718900D1DDBF /* Frameworks */ = {
			isa = PBXFrameworksBuildPhase;
			buildActionMask = 2147483647;
			files = (
			);
			runOnlyForDeploymentPostprocessing = 0;
		};
/* End PBXFrameworksBuildPhase section */

/* Begin PBXGroup section */
		7871EFFA2775B28B00BEAD90 /* Landmarks */ = {
			isa = PBXGroup;
			children = (
				78A2864E276D9B8A000B32D2 /* LandmarkList.swift */,
				78A2864C276D99DD000B32D2 /* LandmarkRow.swift */,
				78A28650276D9DD9000B32D2 /* LandmarkDetail.swift */,
			);
			path = Landmarks;
			sourceTree = "<group>";
		};
		7871EFFB2775B2AB00BEAD90 /* Helpers */ = {
			isa = PBXGroup;
			children = (
				78CE7C6C276D7A3500D1DDBF /* CircleImage.swift */,
				78A28641276D7CD2000B32D2 /* MapView.swift */,
				7871EFF82775B1FE00BEAD90 /* FavoriteButton.swift */,
			);
			path = Helpers;
			sourceTree = "<group>";
		};
		78A28649276D98E9000B32D2 /* Views */ = {
			isa = PBXGroup;
			children = (
				7871EFFC2775B51200BEAD90 /* HexagonParameters.swift */,
				7871F0002775B70000BEAD90 /* BadegeBackground.swift */,
				78CE7C60276D718900D1DDBF /* ContentView.swift */,
				7871EFFA2775B28B00BEAD90 /* Landmarks */,
				7871EFFB2775B2AB00BEAD90 /* Helpers */,
			);
			path = Views;
			sourceTree = "<group>";
		};
		78A2864A276D98F1000B32D2 /* Model */ = {
			isa = PBXGroup;
			children = (
				78A28645276D94ED000B32D2 /* Landmark.swift */,
				78A28647276D9721000B32D2 /* ModelData.swift */,
			);
			path = Model;
			sourceTree = "<group>";
		};
		78A2864B276D98FB000B32D2 /* Resources */ = {
			isa = PBXGroup;
			children = (
				78A28643276D94C8000B32D2 /* landmarkData.json */,
				78CE7C62276D718A00D1DDBF /* Assets.xcassets */,
			);
			path = Resources;
			sourceTree = "<group>";
		};
		78CE7C52276D718900D1DDBF = {
			isa = PBXGroup;
			children = (
				780D69272779B8080009612F /* BadgeSymbol.swift */,
				780D69292779B8A30009612F /* RotatedBadgeSymbol.swift */,
				78CE7C5D276D718900D1DDBF /* Landmarks */,
				78CE7C5C276D718900D1DDBF /* Products */,
			);
			sourceTree = "<group>";
		};
		78CE7C5C276D718900D1DDBF /* Products */ = {
			isa = PBXGroup;
			children = (
				78CE7C5B276D718900D1DDBF /* Landmarks.app */,
			);
			name = Products;
			sourceTree = "<group>";
		};
		78CE7C5D276D718900D1DDBF /* Landmarks */ = {
			isa = PBXGroup;
			children = (
				78CE7C5E276D718900D1DDBF /* LandmarksApp.swift */,
				78A28649276D98E9000B32D2 /* Views */,
				78A2864A276D98F1000B32D2 /* Model */,
				78A2864B276D98FB000B32D2 /* Resources */,
				78CE7C64276D718A00D1DDBF /* Preview Content */,
			);
			path = Landmarks;
			sourceTree = "<group>";
		};
		78CE7C64276D718A00D1DDBF /* Preview Content */ = {
			isa = PBXGroup;
			children = (
				78CE7C65276D718A00D1DDBF /* Preview Assets.xcassets */,
			);
			path = "Preview Content";
			sourceTree = "<group>";
		};
/* End PBXGroup section */

/* Begin PBXNativeTarget section */
		78CE7C5A276D718900D1DDBF /* Landmarks */ = {
			isa = PBXNativeTarget;
			buildConfigurationList = 78CE7C69276D718A00D1DDBF /* Build configuration list for PBXNativeTarget "Landmarks" */;
			buildPhases = (
				78CE7C57276D718900D1DDBF /* Sources */,
				78CE7C58276D718900D1DDBF /* Frameworks */,
				78CE7C59276D718900D1DDBF /* Resources */,
			);
			buildRules = (
			);
			dependencies = (
			);
			name = Landmarks;
			productName = Landmarks;
			productReference = 78CE7C5B276D718900D1DDBF /* Landmarks.app */;
			productType = "com.apple.product-type.application";
		};
/* End PBXNativeTarget section */

/* Begin PBXProject section */
		78CE7C53276D718900D1DDBF /* Project object */ = {
			isa = PBXProject;
			attributes = {
				BuildIndependentTargetsInParallel = 1;
				LastSwiftUpdateCheck = 1320;
				LastUpgradeCheck = 1320;
				TargetAttributes = {
					78CE7C5A276D718900D1DDBF = {
						CreatedOnToolsVersion = 13.2;
					};
				};
			};
			buildConfigurationList = 78CE7C56276D718900D1DDBF /* Build configuration list for PBXProject "Landmarks" */;
			compatibilityVersion = "Xcode 13.0";
			developmentRegion = en;
			hasScannedForEncodings = 0;
			knownRegions = (
				en,
				Base,
			);
			mainGroup = 78CE7C52276D718900D1DDBF;
			productRefGroup = 78CE7C5C276D718900D1DDBF /* Products */;
			projectDirPath = "";
			projectRoot = "";
			targets = (
				78CE7C5A276D718900D1DDBF /* Landmarks */,
			);
		};
/* End PBXProject section */

/* Begin PBXResourcesBuildPhase section */
		78CE7C59276D718900D1DDBF /* Resources */ = {
			isa = PBXResourcesBuildPhase;
			buildActionMask = 2147483647;
			files = (
				78CE7C66276D718A00D1DDBF /* Preview Assets.xcassets in Resources */,
				78CE7C63276D718A00D1DDBF /* Assets.xcassets in Resources */,
				78A28644276D94C8000B32D2 /* landmarkData.json in Resources */,
			);
			runOnlyForDeploymentPostprocessing = 0;
		};
/* End PBXResourcesBuildPhase section */

/* Begin PBXSourcesBuildPhase section */
		78CE7C57276D718900D1DDBF /* Sources */ = {
			isa = PBXSourcesBuildPhase;
			buildActionMask = 2147483647;
			files = (
				78CE7C61276D718900D1DDBF /* ContentView.swift in Sources */,
				78A28642276D7CD2000B32D2 /* MapView.swift in Sources */,
				78CE7C5F276D718900D1DDBF /* LandmarksApp.swift in Sources */,
				7871EFF92775B1FE00BEAD90 /* FavoriteButton.swift in Sources */,
				7871EFFD2775B51200BEAD90 /* HexagonParameters.swift in Sources */,
				780D692A2779B8A30009612F /* RotatedBadgeSymbol.swift in Sources */,
				780D69282779B8080009612F /* BadgeSymbol.swift in Sources */,
				7871F0012775B70000BEAD90 /* BadegeBackground.swift in Sources */,
				78A2864F276D9B8A000B32D2 /* LandmarkList.swift in Sources */,
				78A28651276D9DD9000B32D2 /* LandmarkDetail.swift in Sources */,
				78CE7C6D276D7A3500D1DDBF /* CircleImage.swift in Sources */,
				78A28646276D94ED000B32D2 /* Landmark.swift in Sources */,
				78A2864D276D99DD000B32D2 /* LandmarkRow.swift in Sources */,
				78A28648276D9721000B32D2 /* ModelData.swift in Sources */,
			);
			runOnlyForDeploymentPostprocessing = 0;
		};
/* End PBXSourcesBuildPhase section */

/* Begin XCBuildConfiguration section */
		78CE7C67276D718A00D1DDBF /* Debug */ = {
			isa = XCBuildConfiguration;
			buildSettings = {
				ALWAYS_SEARCH_USER_PATHS = NO;
				CLANG_ANALYZER_NONNULL = YES;
				CLANG_ANALYZER_NUMBER_OBJECT_CONVERSION = YES_AGGRESSIVE;
				CLANG_CXX_LANGUAGE_STANDARD = "gnu++17";
				CLANG_CXX_LIBRARY = "libc++";
				CLANG_ENABLE_MODULES = YES;
				CLANG_ENABLE_OBJC_ARC = YES;
				CLANG_ENABLE_OBJC_WEAK = YES;
				CLANG_WARN_BLOCK_CAPTURE_AUTORELEASING = YES;
				CLANG_WARN_BOOL_CONVERSION = YES;
				CLANG_WARN_COMMA = YES;
				CLANG_WARN_CONSTANT_CONVERSION = YES;
				CLANG_WARN_DEPRECATED_OBJC_IMPLEMENTATIONS = YES;
				CLANG_WARN_DIRECT_OBJC_ISA_USAGE = YES_ERROR;
				CLANG_WARN_DOCUMENTATION_COMMENTS = YES;
				CLANG_WARN_EMPTY_BODY = YES;
				CLANG_WARN_ENUM_CONVERSION = YES;
				CLANG_WARN_INFINITE_RECURSION = YES;
				CLANG_WARN_INT_CONVERSION = YES;
				CLANG_WARN_NON_LITERAL_NULL_CONVERSION = YES;
				CLANG_WARN_OBJC_IMPLICIT_RETAIN_SELF = YES;
				CLANG_WARN_OBJC_LITERAL_CONVERSION = YES;
				CLANG_WARN_OBJC_ROOT_CLASS = YES_ERROR;
				CLANG_WARN_QUOTED_INCLUDE_IN_FRAMEWORK_HEADER = YES;
				CLANG_WARN_RANGE_LOOP_ANALYSIS = YES;
				CLANG_WARN_STRICT_PROTOTYPES = YES;
				CLANG_WARN_SUSPICIOUS_MOVE = YES;
				CLANG_WARN_UNGUARDED_AVAILABILITY = YES_AGGRESSIVE;
				CLANG_WARN_UNREACHABLE_CODE = YES;
				CLANG_WARN__DUPLICATE_METHOD_MATCH = YES;
				COPY_PHASE_STRIP = NO;
				DEBUG_INFORMATION_FORMAT = dwarf;
				ENABLE_STRICT_OBJC_MSGSEND = YES;
				ENABLE_TESTABILITY = YES;
				GCC_C_LANGUAGE_STANDARD = gnu11;
				GCC_DYNAMIC_NO_PIC = NO;
				GCC_NO_COMMON_BLOCKS = YES;
				GCC_OPTIMIZATION_LEVEL = 0;
				GCC_PREPROCESSOR_DEFINITIONS = (
					"DEBUG=1",
					"$(inherited)",
				);
				GCC_WARN_64_TO_32_BIT_CONVERSION = YES;
				GCC_WARN_ABOUT_RETURN_TYPE = YES_ERROR;
				GCC_WARN_UNDECLARED_SELECTOR = YES;
				GCC_WARN_UNINITIALIZED_AUTOS = YES_AGGRESSIVE;
				GCC_WARN_UNUSED_FUNCTION = YES;
				GCC_WARN_UNUSED_VARIABLE = YES;
				IPHONEOS_DEPLOYMENT_TARGET = 15.2;
				MTL_ENABLE_DEBUG_INFO = INCLUDE_SOURCE;
				MTL_FAST_MATH = YES;
				ONLY_ACTIVE_ARCH = YES;
				SDKROOT = iphoneos;
				SWIFT_ACTIVE_COMPILATION_CONDITIONS = DEBUG;
				SWIFT_OPTIMIZATION_LEVEL = "-Onone";
			};
			name = Debug;
		};
		78CE7C68276D718A00D1DDBF /* Release */ = {
			isa = XCBuildConfiguration;
			buildSettings = {
				ALWAYS_SEARCH_USER_PATHS = NO;
				CLANG_ANALYZER_NONNULL = YES;
				CLANG_ANALYZER_NUMBER_OBJECT_CONVERSION = YES_AGGRESSIVE;
				CLANG_CXX_LANGUAGE_STANDARD = "gnu++17";
				CLANG_CXX_LIBRARY = "libc++";
				CLANG_ENABLE_MODULES = YES;
				CLANG_ENABLE_OBJC_ARC = YES;
				CLANG_ENABLE_OBJC_WEAK = YES;
				CLANG_WARN_BLOCK_CAPTURE_AUTORELEASING = YES;
				CLANG_WARN_BOOL_CONVERSION = YES;
				CLANG_WARN_COMMA = YES;
				CLANG_WARN_CONSTANT_CONVERSION = YES;
				CLANG_WARN_DEPRECATED_OBJC_IMPLEMENTATIONS = YES;
				CLANG_WARN_DIRECT_OBJC_ISA_USAGE = YES_ERROR;
				CLANG_WARN_DOCUMENTATION_COMMENTS = YES;
				CLANG_WARN_EMPTY_BODY = YES;
				CLANG_WARN_ENUM_CONVERSION = YES;
				CLANG_WARN_INFINITE_RECURSION = YES;
				CLANG_WARN_INT_CONVERSION = YES;
				CLANG_WARN_NON_LITERAL_NULL_CONVERSION = YES;
				CLANG_WARN_OBJC_IMPLICIT_RETAIN_SELF = YES;
				CLANG_WARN_OBJC_LITERAL_CONVERSION = YES;
				CLANG_WARN_OBJC_ROOT_CLASS = YES_ERROR;
				CLANG_WARN_QUOTED_INCLUDE_IN_FRAMEWORK_HEADER = YES;
				CLANG_WARN_RANGE_LOOP_ANALYSIS = YES;
				CLANG_WARN_STRICT_PROTOTYPES = YES;
				CLANG_WARN_SUSPICIOUS_MOVE = YES;
				CLANG_WARN_UNGUARDED_AVAILABILITY = YES_AGGRESSIVE;
				CLANG_WARN_UNREACHABLE_CODE = YES;
				CLANG_WARN__DUPLICATE_METHOD_MATCH = YES;
				COPY_PHASE_STRIP = NO;
				DEBUG_INFORMATION_FORMAT = "dwarf-with-dsym";
				ENABLE_NS_ASSERTIONS = NO;
				ENABLE_STRICT_OBJC_MSGSEND = YES;
				GCC_C_LANGUAGE_STANDARD = gnu11;
				GCC_NO_COMMON_BLOCKS = YES;
				GCC_WARN_64_TO_32_BIT_CONVERSION = YES;
				GCC_WARN_ABOUT_RETURN_TYPE = YES_ERROR;
				GCC_WARN_UNDECLARED_SELECTOR = YES;
				GCC_WARN_UNINITIALIZED_AUTOS = YES_AGGRESSIVE;
				GCC_WARN_UNUSED_FUNCTION = YES;
				GCC_WARN_UNUSED_VARIABLE = YES;
				IPHONEOS_DEPLOYMENT_TARGET = 15.2;
				MTL_ENABLE_DEBUG_INFO = NO;
				MTL_FAST_MATH = YES;
				SDKROOT = iphoneos;
				SWIFT_COMPILATION_MODE = wholemodule;
				SWIFT_OPTIMIZATION_LEVEL = "-O";
				VALIDATE_PRODUCT = YES;
			};
			name = Release;
		};
		78CE7C6A276D718A00D1DDBF /* Debug */ = {
			isa = XCBuildConfiguration;
			buildSettings = {
				ASSETCATALOG_COMPILER_APPICON_NAME = AppIcon;
				ASSETCATALOG_COMPILER_GLOBAL_ACCENT_COLOR_NAME = AccentColor;
				CODE_SIGN_STYLE = Automatic;
				CURRENT_PROJECT_VERSION = 1;
				DEVELOPMENT_ASSET_PATHS = "\"Landmarks/Preview Content\"";
				ENABLE_PREVIEWS = YES;
				GENERATE_INFOPLIST_FILE = YES;
				INFOPLIST_KEY_UIApplicationSceneManifest_Generation = YES;
				INFOPLIST_KEY_UIApplicationSupportsIndirectInputEvents = YES;
				INFOPLIST_KEY_UILaunchScreen_Generation = YES;
				INFOPLIST_KEY_UISupportedInterfaceOrientations_iPad = "UIInterfaceOrientationPortrait UIInterfaceOrientationPortraitUpsideDown UIInterfaceOrientationLandscapeLeft UIInterfaceOrientationLandscapeRight";
				INFOPLIST_KEY_UISupportedInterfaceOrientations_iPhone = "UIInterfaceOrientationPortrait UIInterfaceOrientationLandscapeLeft UIInterfaceOrientationLandscapeRight";
				LD_RUNPATH_SEARCH_PATHS = (
					"$(inherited)",
					"@executable_path/Frameworks",
				);
				MARKETING_VERSION = 1.0;
				PRODUCT_BUNDLE_IDENTIFIER = com.swift.Landmarks;
				PRODUCT_NAME = "$(TARGET_NAME)";
				SWIFT_EMIT_LOC_STRINGS = YES;
				SWIFT_VERSION = 5.0;
				TARGETED_DEVICE_FAMILY = "1,2";
			};
			name = Debug;
		};
		78CE7C6B276D718A00D1DDBF /* Release */ = {
			isa = XCBuildConfiguration;
			buildSettings = {
				ASSETCATALOG_COMPILER_APPICON_NAME = AppIcon;
				ASSETCATALOG_COMPILER_GLOBAL_ACCENT_COLOR_NAME = AccentColor;
				CODE_SIGN_STYLE = Automatic;
				CURRENT_PROJECT_VERSION = 1;
				DEVELOPMENT_ASSET_PATHS = "\"Landmarks/Preview Content\"";
				ENABLE_PREVIEWS = YES;
				GENERATE_INFOPLIST_FILE = YES;
				INFOPLIST_KEY_UIApplicationSceneManifest_Generation = YES;
				INFOPLIST_KEY_UIApplicationSupportsIndirectInputEvents = YES;
				INFOPLIST_KEY_UILaunchScreen_Generation = YES;
				INFOPLIST_KEY_UISupportedInterfaceOrientations_iPad = "UIInterfaceOrientationPortrait UIInterfaceOrientationPortraitUpsideDown UIInterfaceOrientationLandscapeLeft UIInterfaceOrientationLandscapeRight";
				INFOPLIST_KEY_UISupportedInterfaceOrientations_iPhone = "UIInterfaceOrientationPortrait UIInterfaceOrientationLandscapeLeft UIInterfaceOrientationLandscapeRight";
				LD_RUNPATH_SEARCH_PATHS = (
					"$(inherited)",
					"@executable_path/Frameworks",
				);
				MARKETING_VERSION = 1.0;
				PRODUCT_BUNDLE_IDENTIFIER = com.swift.Landmarks;
				PRODUCT_NAME = "$(TARGET_NAME)";
				SWIFT_EMIT_LOC_STRINGS = YES;
				SWIFT_VERSION = 5.0;
				TARGETED_DEVICE_FAMILY = "1,2";
			};
			name = Release;
		};
/* End XCBuildConfiguration section */

/* Begin XCConfigurationList section */
		78CE7C56276D718900D1DDBF /* Build configuration list for PBXProject "Landmarks" */ = {
			isa = XCConfigurationList;
			buildConfigurations = (
				78CE7C67276D718A00D1DDBF /* Debug */,
				78CE7C68276D718A00D1DDBF /* Release */,
			);
			defaultConfigurationIsVisible = 0;
			defaultConfigurationName = Release;
		};
		78CE7C69276D718A00D1DDBF /* Build configuration list for PBXNativeTarget "Landmarks" */ = {
			isa = XCConfigurationList;
			buildConfigurations = (
				78CE7C6A276D718A00D1DDBF /* Debug */,
				78CE7C6B276D718A00D1DDBF /* Release */,
			);
			defaultConfigurationIsVisible = 0;
			defaultConfigurationName = Release;
		};
/* End XCConfigurationList section */
	};
	rootObject = 78CE7C53276D718900D1DDBF /* Project object */;
}
